
Microsoft Visual Studio Solution File, Format Version 12.00
# Visual Studio 15
VisualStudioVersion = 15.0.28010.2016
MinimumVisualStudioVersion = 10.0.40219.1
Project("{FAE04EC0-301F-11D3-BF4B-00C04F79EFBC}") = "WebSignalR", "WebSignalR\WebSignalR.csproj", "{F5B79BFA-2EFE-4135-8F61-4CB1D4752450}"
EndProject
Global
	GlobalSection(SolutionConfigurationPlatforms) = preSolution
		Debug|Any CPU = Debug|Any CPU
		Release|Any CPU = Release|Any CPU
	EndGlobalSection
	GlobalSection(ProjectConfigurationPlatforms) = postSolution
		{F5B79BFA-2EFE-4135-8F61-4CB1D4752450}.Debug|Any CPU.ActiveCfg = Debug|Any CPU
		{F5B79BFA-2EFE-4135-8F61-4CB1D4752450}.Debug|Any CPU.Build.0 = Debug|Any CPU
		{F5B79BFA-2EFE-4135-8F61-4CB1D4752450}.Release|Any CPU.ActiveCfg = Release|Any CPU
		{F5B79BFA-2EFE-4135-8F61-4CB1D4752450}.Release|Any CPU.Build.0 = Release|Any CPU
	EndGlobalSection
	GlobalSection(SolutionProperties) = preSolution
		HideSolutionNode = FALSE
	EndGlobalSection
	GlobalSection(ExtensibilityGlobals) = postSolution
		SolutionGuid = {8DF776B5-B9B6-4AF1-A1B9-7A00E78D75B8}
	EndGlobalSection
EndGlobal
